// !$*UTF8*$!
{
	archiveVersion = 1;
	classes = {
	};
	objectVersion = 46;
	objects = {

/* Begin PBXBuildFile section */
		C3033CC01CD0A8AA00B56597 /* QREncoding.m in Sources */ = {isa = PBXBuildFile; fileRef = C3033CBF1CD0A8AA00B56597 /* QREncoding.m */; };
		C3033CC21CD0A90000B56597 /* zhifubao.png in Resources */ = {isa = PBXBuildFile; fileRef = C3033CC11CD0A90000B56597 /* zhifubao.png */; };
		C34FEB161D10EB3F006E6A51 /* 1.png in Resources */ = {isa = PBXBuildFile; fileRef = C34FEB101D10EB3F006E6A51 /* 1.png */; };
		C34FEB171D10EB3F006E6A51 /* 2.png in Resources */ = {isa = PBXBuildFile; fileRef = C34FEB111D10EB3F006E6A51 /* 2.png */; };
		C34FEB181D10EB3F006E6A51 /* 3.png in Resources */ = {isa = PBXBuildFile; fileRef = C34FEB121D10EB3F006E6A51 /* 3.png */; };
		C34FEB191D10EB3F006E6A51 /* 4.png in Resources */ = {isa = PBXBuildFile; fileRef = C34FEB131D10EB3F006E6A51 /* 4.png */; };
		C34FEB1A1D10EB3F006E6A51 /* 5.png in Resources */ = {isa = PBXBuildFile; fileRef = C34FEB141D10EB3F006E6A51 /* 5.png */; };
		C34FEB1B1D10EB3F006E6A51 /* 6.png in Resources */ = {isa = PBXBuildFile; fileRef = C34FEB151D10EB3F006E6A51 /* 6.png */; };
		C3514AF21CD345B6002F997C /* CalendarViewController.m in Sources */ = {isa = PBXBuildFile; fileRef = C3514AF11CD345B6002F997C /* CalendarViewController.m */; };
		C38008771CC7717D0080E63B /* main.m in Sources */ = {isa = PBXBuildFile; fileRef = C38008761CC7717D0080E63B /* main.m */; };
		C380087A1CC7717D0080E63B /* AppDelegate.m in Sources */ = {isa = PBXBuildFile; fileRef = C38008791CC7717D0080E63B /* AppDelegate.m */; };
		C380087D1CC7717D0080E63B /* YLViewController.m in Sources */ = {isa = PBXBuildFile; fileRef = C380087C1CC7717D0080E63B /* YLViewController.m */; };
		C38008801CC7717D0080E63B /* Main.storyboard in Resources */ = {isa = PBXBuildFile; fileRef = C380087E1CC7717D0080E63B /* Main.storyboard */; };
		C38008821CC7717D0080E63B /* Assets.xcassets in Resources */ = {isa = PBXBuildFile; fileRef = C38008811CC7717D0080E63B /* Assets.xcassets */; };
		C3EE398F1D27C0500023BB97 /* TableViewControllerOne.m in Sources */ = {isa = PBXBuildFile; fileRef = C3EE398E1D27C0500023BB97 /* TableViewControllerOne.m */; };
		C3EE39931D27C4AE0023BB97 /* TableViewControllerTwo.m in Sources */ = {isa = PBXBuildFile; fileRef = C3EE39921D27C4AE0023BB97 /* TableViewControllerTwo.m */; };
		C3EE39971D29FD750023BB97 /* TableViewControllerThree.m in Sources */ = {isa = PBXBuildFile; fileRef = C3EE39961D29FD750023BB97 /* TableViewControllerThree.m */; };
		C3EE399B1D2A00380023BB97 /* TableViewControllerFour.m in Sources */ = {isa = PBXBuildFile; fileRef = C3EE399A1D2A00380023BB97 /* TableViewControllerFour.m */; };
		C3EE399F1D2A01260023BB97 /* TableViewControllerFive.m in Sources */ = {isa = PBXBuildFile; fileRef = C3EE399E1D2A01260023BB97 /* TableViewControllerFive.m */; };
		C3EE39A41D2A01F40023BB97 /* CustomCell.m in Sources */ = {isa = PBXBuildFile; fileRef = C3EE39A11D2A01F40023BB97 /* CustomCell.m */; };
		C3EE39A51D2A01F40023BB97 /* CustomCell.xib in Resources */ = {isa = PBXBuildFile; fileRef = C3EE39A21D2A01F40023BB97 /* CustomCell.xib */; };
		C3EE39A61D2A01F40023BB97 /* friendsInfo.plist in Resources */ = {isa = PBXBuildFile; fileRef = C3EE39A31D2A01F40023BB97 /* friendsInfo.plist */; };
		C3EE39AB1D2A03280023BB97 /* 7.png in Resources */ = {isa = PBXBuildFile; fileRef = C3EE39A71D2A03280023BB97 /* 7.png */; };
		C3EE39AC1D2A03280023BB97 /* 8.png in Resources */ = {isa = PBXBuildFile; fileRef = C3EE39A81D2A03280023BB97 /* 8.png */; };
		C3EE39AD1D2A03280023BB97 /* 9.png in Resources */ = {isa = PBXBuildFile; fileRef = C3EE39A91D2A03280023BB97 /* 9.png */; };
		C3EE39AE1D2A03280023BB97 /* 10.png in Resources */ = {isa = PBXBuildFile; fileRef = C3EE39AA1D2A03280023BB97 /* 10.png */; };
		C3EE39BC1D2A06560023BB97 /* TableViewControllerSix.m in Sources */ = {isa = PBXBuildFile; fileRef = C3EE39B21D2A06560023BB97 /* TableViewControllerSix.m */; };
		C3EE39BD1D2A06560023BB97 /* CustomCellForCode.m in Sources */ = {isa = PBXBuildFile; fileRef = C3EE39B41D2A06560023BB97 /* CustomCellForCode.m */; };
		C3EE39BE1D2A06560023BB97 /* DataModel.m in Sources */ = {isa = PBXBuildFile; fileRef = C3EE39B61D2A06560023BB97 /* DataModel.m */; };
		C3EE39BF1D2A06560023BB97 /* DataModelGroup.m in Sources */ = {isa = PBXBuildFile; fileRef = C3EE39B81D2A06560023BB97 /* DataModelGroup.m */; };
		C3EE39C01D2A06560023BB97 /* DataModelFrame.m in Sources */ = {isa = PBXBuildFile; fileRef = C3EE39BA1D2A06560023BB97 /* DataModelFrame.m */; };
		C3EE39C11D2A06560023BB97 /* statuses.plist in Resources */ = {isa = PBXBuildFile; fileRef = C3EE39BB1D2A06560023BB97 /* statuses.plist */; };
/* End PBXBuildFile section */

/* Begin PBXFileReference section */
		C3033CBE1CD0A8AA00B56597 /* QREncoding.h */ = {isa = PBXFileReference; fileEncoding = 4; lastKnownFileType = sourcecode.c.h; path = QREncoding.h; sourceTree = "<group>"; };
		C3033CBF1CD0A8AA00B56597 /* QREncoding.m */ = {isa = PBXFileReference; fileEncoding = 4; lastKnownFileType = sourcecode.c.objc; path = QREncoding.m; sourceTree = "<group>"; };
		C3033CC11CD0A90000B56597 /* zhifubao.png */ = {isa = PBXFileReference; lastKnownFileType = image.png; path = zhifubao.png; sourceTree = "<group>"; };
		C34FEB101D10EB3F006E6A51 /* 1.png */ = {isa = PBXFileReference; lastKnownFileType = image.png; path = 1.png; sourceTree = "<group>"; };
		C34FEB111D10EB3F006E6A51 /* 2.png */ = {isa = PBXFileReference; lastKnownFileType = image.png; path = 2.png; sourceTree = "<group>"; };
		C34FEB121D10EB3F006E6A51 /* 3.png */ = {isa = PBXFileReference; lastKnownFileType = image.png; path = 3.png; sourceTree = "<group>"; };
		C34FEB131D10EB3F006E6A51 /* 4.png */ = {isa = PBXFileReference; lastKnownFileType = image.png; path = 4.png; sourceTree = "<group>"; };
		C34FEB141D10EB3F006E6A51 /* 5.png */ = {isa = PBXFileReference; lastKnownFileType = image.png; path = 5.png; sourceTree = "<group>"; };
		C34FEB151D10EB3F006E6A51 /* 6.png */ = {isa = PBXFileReference; lastKnownFileType = image.png; path = 6.png; sourceTree = "<group>"; };
		C3514AF01CD345B6002F997C /* CalendarViewController.h */ = {isa = PBXFileReference; fileEncoding = 4; lastKnownFileType = sourcecode.c.h; path = CalendarViewController.h; sourceTree = "<group>"; };
		C3514AF11CD345B6002F997C /* CalendarViewController.m */ = {isa = PBXFileReference; fileEncoding = 4; lastKnownFileType = sourcecode.c.objc; path = CalendarViewController.m; sourceTree = "<group>"; };
		C38008721CC7717D0080E63B /* YLUtilityDemos.app */ = {isa = PBXFileReference; explicitFileType = wrapper.application; includeInIndex = 0; path = YLUtilityDemos.app; sourceTree = BUILT_PRODUCTS_DIR; };
		C38008761CC7717D0080E63B /* main.m */ = {isa = PBXFileReference; lastKnownFileType = sourcecode.c.objc; path = main.m; sourceTree = "<group>"; };
		C38008781CC7717D0080E63B /* AppDelegate.h */ = {isa = PBXFileReference; lastKnownFileType = sourcecode.c.h; path = AppDelegate.h; sourceTree = "<group>"; };
		C38008791CC7717D0080E63B /* AppDelegate.m */ = {isa = PBXFileReference; lastKnownFileType = sourcecode.c.objc; path = AppDelegate.m; sourceTree = "<group>"; };
		C380087B1CC7717D0080E63B /* YLViewController.h */ = {isa = PBXFileReference; lastKnownFileType = sourcecode.c.h; path = YLViewController.h; sourceTree = "<group>"; };
		C380087C1CC7717D0080E63B /* YLViewController.m */ = {isa = PBXFileReference; lastKnownFileType = sourcecode.c.objc; path = YLViewController.m; sourceTree = "<group>"; };
		C380087F1CC7717D0080E63B /* Base */ = {isa = PBXFileReference; lastKnownFileType = file.storyboard; name = Base; path = Base.lproj/Main.storyboard; sourceTree = "<group>"; };
		C38008811CC7717D0080E63B /* Assets.xcassets */ = {isa = PBXFileReference; lastKnownFileType = folder.assetcatalog; path = Assets.xcassets; sourceTree = "<group>"; };
		C38008861CC7717D0080E63B /* Info.plist */ = {isa = PBXFileReference; lastKnownFileType = text.plist.xml; path = Info.plist; sourceTree = "<group>"; };
		C3EE398D1D27C0500023BB97 /* TableViewControllerOne.h */ = {isa = PBXFileReference; fileEncoding = 4; lastKnownFileType = sourcecode.c.h; path = TableViewControllerOne.h; sourceTree = "<group>"; };
		C3EE398E1D27C0500023BB97 /* TableViewControllerOne.m */ = {isa = PBXFileReference; fileEncoding = 4; lastKnownFileType = sourcecode.c.objc; path = TableViewControllerOne.m; sourceTree = "<group>"; };
		C3EE39911D27C4AE0023BB97 /* TableViewControllerTwo.h */ = {isa = PBXFileReference; fileEncoding = 4; lastKnownFileType = sourcecode.c.h; path = TableViewControllerTwo.h; sourceTree = "<group>"; };
		C3EE39921D27C4AE0023BB97 /* TableViewControllerTwo.m */ = {isa = PBXFileReference; fileEncoding = 4; lastKnownFileType = sourcecode.c.objc; path = TableViewControllerTwo.m; sourceTree = "<group>"; };
		C3EE39951D29FD750023BB97 /* TableViewControllerThree.h */ = {isa = PBXFileReference; fileEncoding = 4; lastKnownFileType = sourcecode.c.h; path = TableViewControllerThree.h; sourceTree = "<group>"; };
		C3EE39961D29FD750023BB97 /* TableViewControllerThree.m */ = {isa = PBXFileReference; fileEncoding = 4; lastKnownFileType = sourcecode.c.objc; path = TableViewControllerThree.m; sourceTree = "<group>"; };
		C3EE39991D2A00380023BB97 /* TableViewControllerFour.h */ = {isa = PBXFileReference; fileEncoding = 4; lastKnownFileType = sourcecode.c.h; path = TableViewControllerFour.h; sourceTree = "<group>"; };
		C3EE399A1D2A00380023BB97 /* TableViewControllerFour.m */ = {isa = PBXFileReference; fileEncoding = 4; lastKnownFileType = sourcecode.c.objc; path = TableViewControllerFour.m; sourceTree = "<group>"; };
		C3EE399D1D2A01260023BB97 /* TableViewControllerFive.h */ = {isa = PBXFileReference; fileEncoding = 4; lastKnownFileType = sourcecode.c.h; path = TableViewControllerFive.h; sourceTree = "<group>"; };
		C3EE399E1D2A01260023BB97 /* TableViewControllerFive.m */ = {isa = PBXFileReference; fileEncoding = 4; lastKnownFileType = sourcecode.c.objc; path = TableViewControllerFive.m; sourceTree = "<group>"; };
		C3EE39A01D2A01F40023BB97 /* CustomCell.h */ = {isa = PBXFileReference; fileEncoding = 4; lastKnownFileType = sourcecode.c.h; path = CustomCell.h; sourceTree = "<group>"; };
		C3EE39A11D2A01F40023BB97 /* CustomCell.m */ = {isa = PBXFileReference; fileEncoding = 4; lastKnownFileType = sourcecode.c.objc; path = CustomCell.m; sourceTree = "<group>"; };
		C3EE39A21D2A01F40023BB97 /* CustomCell.xib */ = {isa = PBXFileReference; fileEncoding = 4; lastKnownFileType = file.xib; path = CustomCell.xib; sourceTree = "<group>"; };
		C3EE39A31D2A01F40023BB97 /* friendsInfo.plist */ = {isa = PBXFileReference; fileEncoding = 4; lastKnownFileType = text.plist.xml; path = friendsInfo.plist; sourceTree = "<group>"; };
		C3EE39A71D2A03280023BB97 /* 7.png */ = {isa = PBXFileReference; lastKnownFileType = image.png; path = 7.png; sourceTree = "<group>"; };
		C3EE39A81D2A03280023BB97 /* 8.png */ = {isa = PBXFileReference; lastKnownFileType = image.png; path = 8.png; sourceTree = "<group>"; };
		C3EE39A91D2A03280023BB97 /* 9.png */ = {isa = PBXFileReference; lastKnownFileType = image.png; path = 9.png; sourceTree = "<group>"; };
		C3EE39AA1D2A03280023BB97 /* 10.png */ = {isa = PBXFileReference; lastKnownFileType = image.png; path = 10.png; sourceTree = "<group>"; };
		C3EE39B11D2A06560023BB97 /* TableViewControllerSix.h */ = {isa = PBXFileReference; fileEncoding = 4; lastKnownFileType = sourcecode.c.h; path = TableViewControllerSix.h; sourceTree = "<group>"; };
		C3EE39B21D2A06560023BB97 /* TableViewControllerSix.m */ = {isa = PBXFileReference; fileEncoding = 4; lastKnownFileType = sourcecode.c.objc; path = TableViewControllerSix.m; sourceTree = "<group>"; };
		C3EE39B31D2A06560023BB97 /* CustomCellForCode.h */ = {isa = PBXFileReference; fileEncoding = 4; lastKnownFileType = sourcecode.c.h; path = CustomCellForCode.h; sourceTree = "<group>"; };
		C3EE39B41D2A06560023BB97 /* CustomCellForCode.m */ = {isa = PBXFileReference; fileEncoding = 4; lastKnownFileType = sourcecode.c.objc; path = CustomCellForCode.m; sourceTree = "<group>"; };
		C3EE39B51D2A06560023BB97 /* DataModel.h */ = {isa = PBXFileReference; fileEncoding = 4; lastKnownFileType = sourcecode.c.h; path = DataModel.h; sourceTree = "<group>"; };
		C3EE39B61D2A06560023BB97 /* DataModel.m */ = {isa = PBXFileReference; fileEncoding = 4; lastKnownFileType = sourcecode.c.objc; path = DataModel.m; sourceTree = "<group>"; };
		C3EE39B71D2A06560023BB97 /* DataModelGroup.h */ = {isa = PBXFileReference; fileEncoding = 4; lastKnownFileType = sourcecode.c.h; path = DataModelGroup.h; sourceTree = "<group>"; };
		C3EE39B81D2A06560023BB97 /* DataModelGroup.m */ = {isa = PBXFileReference; fileEncoding = 4; lastKnownFileType = sourcecode.c.objc; path = DataModelGroup.m; sourceTree = "<group>"; };
		C3EE39B91D2A06560023BB97 /* DataModelFrame.h */ = {isa = PBXFileReference; fileEncoding = 4; lastKnownFileType = sourcecode.c.h; path = DataModelFrame.h; sourceTree = "<group>"; };
		C3EE39BA1D2A06560023BB97 /* DataModelFrame.m */ = {isa = PBXFileReference; fileEncoding = 4; lastKnownFileType = sourcecode.c.objc; path = DataModelFrame.m; sourceTree = "<group>"; };
		C3EE39BB1D2A06560023BB97 /* statuses.plist */ = {isa = PBXFileReference; fileEncoding = 4; lastKnownFileType = text.plist.xml; path = statuses.plist; sourceTree = "<group>"; };
/* End PBXFileReference section */

/* Begin PBXFrameworksBuildPhase section */
		C380086F1CC7717D0080E63B /* Frameworks */ = {
			isa = PBXFrameworksBuildPhase;
			buildActionMask = 2147483647;
			files = (
			);
			runOnlyForDeploymentPostprocessing = 0;
		};
/* End PBXFrameworksBuildPhase section */

/* Begin PBXGroup section */
		C3033CBC1CD0A2AB00B56597 /* Method-1~100 */ = {
			isa = PBXGroup;
			children = (
				C3EE39B01D2A06310023BB97 /* Method-17 */,
				C3EE39AF1D2A035D0023BB97 /* Method-16 */,
				C3EE399C1D2A010F0023BB97 /* Method-15 */,
				C3EE39981D2A00060023BB97 /* Method-14 */,
				C3EE39941D29FD590023BB97 /* Method-13 */,
				C3EE39901D27C4940023BB97 /* Method-12 */,
				C3EE398C1D27BFF00023BB97 /* Method-11 */,
				C3514AEF1CD34576002F997C /* Method-4 */,
				C3033CBD1CD0A86B00B56597 /* Method-3 */,
			);
			name = "Method-1~100";
			sourceTree = "<group>";
		};
		C3033CBD1CD0A86B00B56597 /* Method-3 */ = {
			isa = PBXGroup;
			children = (
				C3033CBE1CD0A8AA00B56597 /* QREncoding.h */,
				C3033CBF1CD0A8AA00B56597 /* QREncoding.m */,
			);
			name = "Method-3";
			sourceTree = "<group>";
		};
		C3514AEF1CD34576002F997C /* Method-4 */ = {
			isa = PBXGroup;
			children = (
				C3514AF01CD345B6002F997C /* CalendarViewController.h */,
				C3514AF11CD345B6002F997C /* CalendarViewController.m */,
			);
			name = "Method-4";
			sourceTree = "<group>";
		};
		C38008691CC7717D0080E63B = {
			isa = PBXGroup;
			children = (
				C38008741CC7717D0080E63B /* YLUtilityDemos */,
				C38008731CC7717D0080E63B /* Products */,
			);
			sourceTree = "<group>";
		};
		C38008731CC7717D0080E63B /* Products */ = {
			isa = PBXGroup;
			children = (
				C38008721CC7717D0080E63B /* YLUtilityDemos.app */,
			);
			name = Products;
			sourceTree = "<group>";
		};
		C38008741CC7717D0080E63B /* YLUtilityDemos */ = {
			isa = PBXGroup;
			children = (
				C380088E1CC77BBE0080E63B /* 初始文件 */,
				C3033CBC1CD0A2AB00B56597 /* Method-1~100 */,
				C38E3AEC1CD8902400A70DD3 /* 图片资源(尽量复用) */,
				C38008751CC7717D0080E63B /* Supporting Files */,
			);
			path = YLUtilityDemos;
			sourceTree = "<group>";
		};
		C38008751CC7717D0080E63B /* Supporting Files */ = {
			isa = PBXGroup;
			children = (
				C38008761CC7717D0080E63B /* main.m */,
			);
			name = "Supporting Files";
			sourceTree = "<group>";
		};
		C380088E1CC77BBE0080E63B /* 初始文件 */ = {
			isa = PBXGroup;
			children = (
				C38008781CC7717D0080E63B /* AppDelegate.h */,
				C38008791CC7717D0080E63B /* AppDelegate.m */,
				C380087B1CC7717D0080E63B /* YLViewController.h */,
				C380087C1CC7717D0080E63B /* YLViewController.m */,
				C380087E1CC7717D0080E63B /* Main.storyboard */,
				C38008811CC7717D0080E63B /* Assets.xcassets */,
				C38008861CC7717D0080E63B /* Info.plist */,
			);
			name = "初始文件";
			sourceTree = "<group>";
		};
		C38E3AEC1CD8902400A70DD3 /* 图片资源(尽量复用) */ = {
			isa = PBXGroup;
			children = (
				C34FEB101D10EB3F006E6A51 /* 1.png */,
				C34FEB111D10EB3F006E6A51 /* 2.png */,
				C34FEB121D10EB3F006E6A51 /* 3.png */,
				C34FEB131D10EB3F006E6A51 /* 4.png */,
				C34FEB141D10EB3F006E6A51 /* 5.png */,
				C34FEB151D10EB3F006E6A51 /* 6.png */,
				C3EE39A71D2A03280023BB97 /* 7.png */,
				C3EE39A81D2A03280023BB97 /* 8.png */,
				C3EE39A91D2A03280023BB97 /* 9.png */,
				C3EE39AA1D2A03280023BB97 /* 10.png */,
				C3033CC11CD0A90000B56597 /* zhifubao.png */,
			);
			name = "图片资源(尽量复用)";
			sourceTree = "<group>";
		};
		C3EE398C1D27BFF00023BB97 /* Method-11 */ = {
			isa = PBXGroup;
			children = (
				C3EE398D1D27C0500023BB97 /* TableViewControllerOne.h */,
				C3EE398E1D27C0500023BB97 /* TableViewControllerOne.m */,
			);
			name = "Method-11";
			sourceTree = "<group>";
		};
		C3EE39901D27C4940023BB97 /* Method-12 */ = {
			isa = PBXGroup;
			children = (
				C3EE39911D27C4AE0023BB97 /* TableViewControllerTwo.h */,
				C3EE39921D27C4AE0023BB97 /* TableViewControllerTwo.m */,
			);
			name = "Method-12";
			sourceTree = "<group>";
		};
		C3EE39941D29FD590023BB97 /* Method-13 */ = {
			isa = PBXGroup;
			children = (
				C3EE39951D29FD750023BB97 /* TableViewControllerThree.h */,
				C3EE39961D29FD750023BB97 /* TableViewControllerThree.m */,
			);
			name = "Method-13";
			sourceTree = "<group>";
		};
		C3EE39981D2A00060023BB97 /* Method-14 */ = {
			isa = PBXGroup;
			children = (
				C3EE39991D2A00380023BB97 /* TableViewControllerFour.h */,
				C3EE399A1D2A00380023BB97 /* TableViewControllerFour.m */,
			);
			name = "Method-14";
			sourceTree = "<group>";
		};
		C3EE399C1D2A010F0023BB97 /* Method-15 */ = {
			isa = PBXGroup;
			children = (
				C3EE399D1D2A01260023BB97 /* TableViewControllerFive.h */,
				C3EE399E1D2A01260023BB97 /* TableViewControllerFive.m */,
				C3EE39A01D2A01F40023BB97 /* CustomCell.h */,
				C3EE39A11D2A01F40023BB97 /* CustomCell.m */,
				C3EE39A21D2A01F40023BB97 /* CustomCell.xib */,
				C3EE39A31D2A01F40023BB97 /* friendsInfo.plist */,
			);
			name = "Method-15";
			sourceTree = "<group>";
		};
		C3EE39AF1D2A035D0023BB97 /* Method-16 */ = {
			isa = PBXGroup;
			children = (
				C3EE39B11D2A06560023BB97 /* TableViewControllerSix.h */,
				C3EE39B21D2A06560023BB97 /* TableViewControllerSix.m */,
				C3EE39B31D2A06560023BB97 /* CustomCellForCode.h */,
				C3EE39B41D2A06560023BB97 /* CustomCellForCode.m */,
				C3EE39B51D2A06560023BB97 /* DataModel.h */,
				C3EE39B61D2A06560023BB97 /* DataModel.m */,
				C3EE39B71D2A06560023BB97 /* DataModelGroup.h */,
				C3EE39B81D2A06560023BB97 /* DataModelGroup.m */,
				C3EE39B91D2A06560023BB97 /* DataModelFrame.h */,
				C3EE39BA1D2A06560023BB97 /* DataModelFrame.m */,
				C3EE39BB1D2A06560023BB97 /* statuses.plist */,
			);
			name = "Method-16";
			sourceTree = "<group>";
		};
		C3EE39B01D2A06310023BB97 /* Method-17 */ = {
			isa = PBXGroup;
			children = (
			);
			name = "Method-17";
			sourceTree = "<group>";
		};
/* End PBXGroup section */

/* Begin PBXNativeTarget section */
		C38008711CC7717D0080E63B /* YLUtilityDemos */ = {
			isa = PBXNativeTarget;
			buildConfigurationList = C38008891CC7717D0080E63B /* Build configuration list for PBXNativeTarget "YLUtilityDemos" */;
			buildPhases = (
				C380086E1CC7717D0080E63B /* Sources */,
				C380086F1CC7717D0080E63B /* Frameworks */,
				C38008701CC7717D0080E63B /* Resources */,
			);
			buildRules = (
			);
			dependencies = (
			);
			name = YLUtilityDemos;
			productName = YLUtilityDemos;
			productReference = C38008721CC7717D0080E63B /* YLUtilityDemos.app */;
			productType = "com.apple.product-type.application";
		};
/* End PBXNativeTarget section */

/* Begin PBXProject section */
		C380086A1CC7717D0080E63B /* Project object */ = {
			isa = PBXProject;
			attributes = {
				LastUpgradeCheck = 0720;
				ORGANIZATIONNAME = yilin;
				TargetAttributes = {
					C38008711CC7717D0080E63B = {
						CreatedOnToolsVersion = 7.2.1;
						DevelopmentTeam = 87VJUKA92U;
					};
				};
			};
			buildConfigurationList = C380086D1CC7717D0080E63B /* Build configuration list for PBXProject "YLUtilityDemos" */;
			compatibilityVersion = "Xcode 3.2";
			developmentRegion = English;
			hasScannedForEncodings = 0;
			knownRegions = (
				en,
				Base,
			);
			mainGroup = C38008691CC7717D0080E63B;
			productRefGroup = C38008731CC7717D0080E63B /* Products */;
			projectDirPath = "";
			projectRoot = "";
			targets = (
				C38008711CC7717D0080E63B /* YLUtilityDemos */,
			);
		};
/* End PBXProject section */

/* Begin PBXResourcesBuildPhase section */
		C38008701CC7717D0080E63B /* Resources */ = {
			isa = PBXResourcesBuildPhase;
			buildActionMask = 2147483647;
			files = (
				C3EE39A51D2A01F40023BB97 /* CustomCell.xib in Resources */,
				C38008821CC7717D0080E63B /* Assets.xcassets in Resources */,
				C34FEB191D10EB3F006E6A51 /* 4.png in Resources */,
				C3EE39AB1D2A03280023BB97 /* 7.png in Resources */,
				C3EE39C11D2A06560023BB97 /* statuses.plist in Resources */,
				C34FEB161D10EB3F006E6A51 /* 1.png in Resources */,
				C3EE39AE1D2A03280023BB97 /* 10.png in Resources */,
				C34FEB1B1D10EB3F006E6A51 /* 6.png in Resources */,
				C34FEB171D10EB3F006E6A51 /* 2.png in Resources */,
				C34FEB181D10EB3F006E6A51 /* 3.png in Resources */,
				C34FEB1A1D10EB3F006E6A51 /* 5.png in Resources */,
				C3EE39AD1D2A03280023BB97 /* 9.png in Resources */,
				C3EE39AC1D2A03280023BB97 /* 8.png in Resources */,
				C3EE39A61D2A01F40023BB97 /* friendsInfo.plist in Resources */,
				C38008801CC7717D0080E63B /* Main.storyboard in Resources */,
				C3033CC21CD0A90000B56597 /* zhifubao.png in Resources */,
			);
			runOnlyForDeploymentPostprocessing = 0;
		};
/* End PBXResourcesBuildPhase section */

/* Begin PBXSourcesBuildPhase section */
		C380086E1CC7717D0080E63B /* Sources */ = {
			isa = PBXSourcesBuildPhase;
			buildActionMask = 2147483647;
			files = (
				C380087D1CC7717D0080E63B /* YLViewController.m in Sources */,
				C3EE39C01D2A06560023BB97 /* DataModelFrame.m in Sources */,
				C3033CC01CD0A8AA00B56597 /* QREncoding.m in Sources */,
				C3EE39A41D2A01F40023BB97 /* CustomCell.m in Sources */,
				C3EE39BD1D2A06560023BB97 /* CustomCellForCode.m in Sources */,
				C380087A1CC7717D0080E63B /* AppDelegate.m in Sources */,
				C3EE399F1D2A01260023BB97 /* TableViewControllerFive.m in Sources */,
				C3514AF21CD345B6002F997C /* CalendarViewController.m in Sources */,
				C3EE39971D29FD750023BB97 /* TableViewControllerThree.m in Sources */,
				C3EE39BF1D2A06560023BB97 /* DataModelGroup.m in Sources */,
				C3EE398F1D27C0500023BB97 /* TableViewControllerOne.m in Sources */,
				C3EE399B1D2A00380023BB97 /* TableViewControllerFour.m in Sources */,
				C3EE39931D27C4AE0023BB97 /* TableViewControllerTwo.m in Sources */,
				C3EE39BE1D2A06560023BB97 /* DataModel.m in Sources */,
				C3EE39BC1D2A06560023BB97 /* TableViewControllerSix.m in Sources */,
				C38008771CC7717D0080E63B /* main.m in Sources */,
			);
			runOnlyForDeploymentPostprocessing = 0;
		};
/* End PBXSourcesBuildPhase section */

/* Begin PBXVariantGroup section */
		C380087E1CC7717D0080E63B /* Main.storyboard */ = {
			isa = PBXVariantGroup;
			children = (
				C380087F1CC7717D0080E63B /* Base */,
			);
			name = Main.storyboard;
			sourceTree = "<group>";
		};
/* End PBXVariantGroup section */

/* Begin XCBuildConfiguration section */
		C38008871CC7717D0080E63B /* Debug */ = {
			isa = XCBuildConfiguration;
			buildSettings = {
				ALWAYS_SEARCH_USER_PATHS = NO;
				CLANG_CXX_LANGUAGE_STANDARD = "gnu++0x";
				CLANG_CXX_LIBRARY = "libc++";
				CLANG_ENABLE_MODULES = YES;
				CLANG_ENABLE_OBJC_ARC = YES;
				CLANG_WARN_BOOL_CONVERSION = YES;
				CLANG_WARN_CONSTANT_CONVERSION = YES;
				CLANG_WARN_DIRECT_OBJC_ISA_USAGE = YES_ERROR;
				CLANG_WARN_EMPTY_BODY = YES;
				CLANG_WARN_ENUM_CONVERSION = YES;
				CLANG_WARN_INT_CONVERSION = YES;
				CLANG_WARN_OBJC_ROOT_CLASS = YES_ERROR;
				CLANG_WARN_UNREACHABLE_CODE = YES;
				CLANG_WARN__DUPLICATE_METHOD_MATCH = YES;
				"CODE_SIGN_IDENTITY[sdk=iphoneos*]" = "iPhone Developer";
				COPY_PHASE_STRIP = NO;
				DEBUG_INFORMATION_FORMAT = dwarf;
				ENABLE_STRICT_OBJC_MSGSEND = YES;
				ENABLE_TESTABILITY = YES;
				GCC_C_LANGUAGE_STANDARD = gnu99;
				GCC_DYNAMIC_NO_PIC = NO;
				GCC_NO_COMMON_BLOCKS = YES;
				GCC_OPTIMIZATION_LEVEL = 0;
				GCC_PREPROCESSOR_DEFINITIONS = (
					"DEBUG=1",
					"$(inherited)",
				);
				GCC_WARN_64_TO_32_BIT_CONVERSION = YES;
				GCC_WARN_ABOUT_RETURN_TYPE = YES_ERROR;
				GCC_WARN_UNDECLARED_SELECTOR = YES;
				GCC_WARN_UNINITIALIZED_AUTOS = YES_AGGRESSIVE;
				GCC_WARN_UNUSED_FUNCTION = YES;
				GCC_WARN_UNUSED_VARIABLE = YES;
				IPHONEOS_DEPLOYMENT_TARGET = 9.2;
				MTL_ENABLE_DEBUG_INFO = YES;
				ONLY_ACTIVE_ARCH = YES;
				SDKROOT = iphoneos;
				TARGETED_DEVICE_FAMILY = "1,2";
			};
			name = Debug;
		};
		C38008881CC7717D0080E63B /* Release */ = {
			isa = XCBuildConfiguration;
			buildSettings = {
				ALWAYS_SEARCH_USER_PATHS = NO;
				CLANG_CXX_LANGUAGE_STANDARD = "gnu++0x";
				CLANG_CXX_LIBRARY = "libc++";
				CLANG_ENABLE_MODULES = YES;
				CLANG_ENABLE_OBJC_ARC = YES;
				CLANG_WARN_BOOL_CONVERSION = YES;
				CLANG_WARN_CONSTANT_CONVERSION = YES;
				CLANG_WARN_DIRECT_OBJC_ISA_USAGE = YES_ERROR;
				CLANG_WARN_EMPTY_BODY = YES;
				CLANG_WARN_ENUM_CONVERSION = YES;
				CLANG_WARN_INT_CONVERSION = YES;
				CLANG_WARN_OBJC_ROOT_CLASS = YES_ERROR;
				CLANG_WARN_UNREACHABLE_CODE = YES;
				CLANG_WARN__DUPLICATE_METHOD_MATCH = YES;
				"CODE_SIGN_IDENTITY[sdk=iphoneos*]" = "iPhone Developer";
				COPY_PHASE_STRIP = NO;
				DEBUG_INFORMATION_FORMAT = "dwarf-with-dsym";
				ENABLE_NS_ASSERTIONS = NO;
				ENABLE_STRICT_OBJC_MSGSEND = YES;
				GCC_C_LANGUAGE_STANDARD = gnu99;
				GCC_NO_COMMON_BLOCKS = YES;
				GCC_WARN_64_TO_32_BIT_CONVERSION = YES;
				GCC_WARN_ABOUT_RETURN_TYPE = YES_ERROR;
				GCC_WARN_UNDECLARED_SELECTOR = YES;
				GCC_WARN_UNINITIALIZED_AUTOS = YES_AGGRESSIVE;
				GCC_WARN_UNUSED_FUNCTION = YES;
				GCC_WARN_UNUSED_VARIABLE = YES;
				IPHONEOS_DEPLOYMENT_TARGET = 9.2;
				MTL_ENABLE_DEBUG_INFO = NO;
				SDKROOT = iphoneos;
				TARGETED_DEVICE_FAMILY = "1,2";
				VALIDATE_PRODUCT = YES;
			};
			name = Release;
		};
		C380088A1CC7717D0080E63B /* Debug */ = {
			isa = XCBuildConfiguration;
			buildSettings = {
				ASSETCATALOG_COMPILER_APPICON_NAME = AppIcon;
				CODE_SIGN_IDENTITY = "iPhone Developer";
				INFOPLIST_FILE = YLUtilityDemos/Info.plist;
				IPHONEOS_DEPLOYMENT_TARGET = 8.3;
				LD_RUNPATH_SEARCH_PATHS = "$(inherited) @executable_path/Frameworks";
				PRODUCT_BUNDLE_IDENTIFIER = db.YLUtilityDemos;
				PRODUCT_NAME = "$(TARGET_NAME)";
			};
			name = Debug;
		};
		C380088B1CC7717D0080E63B /* Release */ = {
			isa = XCBuildConfiguration;
			buildSettings = {
				ASSETCATALOG_COMPILER_APPICON_NAME = AppIcon;
				CODE_SIGN_IDENTITY = "iPhone Developer";
				INFOPLIST_FILE = YLUtilityDemos/Info.plist;
				IPHONEOS_DEPLOYMENT_TARGET = 8.3;
				LD_RUNPATH_SEARCH_PATHS = "$(inherited) @executable_path/Frameworks";
				PRODUCT_BUNDLE_IDENTIFIER = db.YLUtilityDemos;
				PRODUCT_NAME = "$(TARGET_NAME)";
			};
			name = Release;
		};
/* End XCBuildConfiguration section */

/* Begin XCConfigurationList section */
		C380086D1CC7717D0080E63B /* Build configuration list for PBXProject "YLUtilityDemos" */ = {
			isa = XCConfigurationList;
			buildConfigurations = (
				C38008871CC7717D0080E63B /* Debug */,
				C38008881CC7717D0080E63B /* Release */,
			);
			defaultConfigurationIsVisible = 0;
			defaultConfigurationName = Release;
		};
		C38008891CC7717D0080E63B /* Build configuration list for PBXNativeTarget "YLUtilityDemos" */ = {
			isa = XCConfigurationList;
			buildConfigurations = (
				C380088A1CC7717D0080E63B /* Debug */,
				C380088B1CC7717D0080E63B /* Release */,
			);
			defaultConfigurationIsVisible = 0;
			defaultConfigurationName = Release;
		};
/* End XCConfigurationList section */
	};
	rootObject = C380086A1CC7717D0080E63B /* Project object */;
}
